
Microsoft Visual Studio Solution File, Format Version 12.00
# Visual Studio 15
VisualStudioVersion = 15.0.28307.902
MinimumVisualStudioVersion = 10.0.40219.1
Project("{8BC9CEB8-8B4A-11D0-8D11-00A0C91BC942}") = "Lab_06", "Lab_06\Lab_06.vcxproj", "{B2E39A30-A88B-4A9A-9A7A-23CDEA34A846}"
EndProject
Project("{8BC9CEB8-8B4A-11D0-8D11-00A0C91BC942}") = "Lab_06_main", "Lab_06_main\Lab_06_main.vcxproj", "{08752CB4-E71A-4296-8FF6-B24139751339}"
	ProjectSection(ProjectDependencies) = postProject
		{B2E39A30-A88B-4A9A-9A7A-23CDEA34A846} = {B2E39A30-A88B-4A9A-9A7A-23CDEA34A846}
	EndProjectSection
EndProject
Global
	GlobalSection(SolutionConfigurationPlatforms) = preSolution
		Debug|x64 = Debug|x64
		Debug|x86 = Debug|x86
		Release|x64 = Release|x64
		Release|x86 = Release|x86
	EndGlobalSection
	GlobalSection(ProjectConfigurationPlatforms) = postSolution
		{B2E39A30-A88B-4A9A-9A7A-23CDEA34A846}.Debug|x64.ActiveCfg = Debug|x64
		{B2E39A30-A88B-4A9A-9A7A-23CDEA34A846}.Debug|x64.Build.0 = Debug|x64
		{B2E39A30-A88B-4A9A-9A7A-23CDEA34A846}.Debug|x86.ActiveCfg = Debug|Win32
		{B2E39A30-A88B-4A9A-9A7A-23CDEA34A846}.Debug|x86.Build.0 = Debug|Win32
		{B2E39A30-A88B-4A9A-9A7A-23CDEA34A846}.Release|x64.ActiveCfg = Release|x64
		{B2E39A30-A88B-4A9A-9A7A-23CDEA34A846}.Release|x64.Build.0 = Release|x64
		{B2E39A30-A88B-4A9A-9A7A-23CDEA34A846}.Release|x86.ActiveCfg = Debug|Win32
		{B2E39A30-A88B-4A9A-9A7A-23CDEA34A846}.Release|x86.Build.0 = Debug|Win32
		{08752CB4-E71A-4296-8FF6-B24139751339}.Debug|x64.ActiveCfg = Debug|x64
		{08752CB4-E71A-4296-8FF6-B24139751339}.Debug|x64.Build.0 = Debug|x64
		{08752CB4-E71A-4296-8FF6-B24139751339}.Debug|x86.ActiveCfg = Debug|Win32
		{08752CB4-E71A-4296-8FF6-B24139751339}.Debug|x86.Build.0 = Debug|Win32
		{08752CB4-E71A-4296-8FF6-B24139751339}.Release|x64.ActiveCfg = Release|x64
		{08752CB4-E71A-4296-8FF6-B24139751339}.Release|x64.Build.0 = Release|x64
		{08752CB4-E71A-4296-8FF6-B24139751339}.Release|x86.ActiveCfg = Debug|Win32
		{08752CB4-E71A-4296-8FF6-B24139751339}.Release|x86.Build.0 = Debug|Win32
	EndGlobalSection
	GlobalSection(SolutionProperties) = preSolution
		HideSolutionNode = FALSE
	EndGlobalSection
	GlobalSection(ExtensibilityGlobals) = postSolution
		SolutionGuid = {9A1F99E0-6E10-4B3F-866F-96474396D97C}
	EndGlobalSection
EndGlobal
